// !$*UTF8*$!
{
	archiveVersion = 1;
	classes = {
	};
	objectVersion = 55;
	objects = {

/* Begin PBXBuildFile section */
		B5EA2ED92AA0058B0044EF36 /* DessertBrowser.swift in Sources */ = {isa = PBXBuildFile; fileRef = B5EA2ED82AA0058B0044EF36 /* DessertBrowser.swift */; };
		B5EA2EDD2AA0058E0044EF36 /* Assets.xcassets in Resources */ = {isa = PBXBuildFile; fileRef = B5EA2EDC2AA0058E0044EF36 /* Assets.xcassets */; };
		B5EA2EE02AA0058E0044EF36 /* Preview Assets.xcassets in Resources */ = {isa = PBXBuildFile; fileRef = B5EA2EDF2AA0058E0044EF36 /* Preview Assets.xcassets */; };
		B5EA2EEA2AA0058E0044EF36 /* IDessertsTests.swift in Sources */ = {isa = PBXBuildFile; fileRef = B5EA2EE92AA0058E0044EF36 /* IDessertsTests.swift */; };
		B5EA2EF42AA0058E0044EF36 /* IDessertsUITests.swift in Sources */ = {isa = PBXBuildFile; fileRef = B5EA2EF32AA0058E0044EF36 /* IDessertsUITests.swift */; };
		B5EA2EF62AA0058E0044EF36 /* IDessertsUITestsLaunchTests.swift in Sources */ = {isa = PBXBuildFile; fileRef = B5EA2EF52AA0058E0044EF36 /* IDessertsUITestsLaunchTests.swift */; };
		B5EA2F052AA0060B0044EF36 /* Ingredient.swift in Sources */ = {isa = PBXBuildFile; fileRef = B5EA2F042AA0060B0044EF36 /* Ingredient.swift */; };
		B5EA2F072AA006260044EF36 /* Meal.swift in Sources */ = {isa = PBXBuildFile; fileRef = B5EA2F062AA006260044EF36 /* Meal.swift */; };
		B5EA2F092AA006A50044EF36 /* MealDetailsResponse.swift in Sources */ = {isa = PBXBuildFile; fileRef = B5EA2F082AA006A50044EF36 /* MealDetailsResponse.swift */; };
		B5EA2F0C2AA006F10044EF36 /* NetworkUtil.swift in Sources */ = {isa = PBXBuildFile; fileRef = B5EA2F0B2AA006F10044EF36 /* NetworkUtil.swift */; };
		B5EA2F0E2AA0070B0044EF36 /* StringUtil.swift in Sources */ = {isa = PBXBuildFile; fileRef = B5EA2F0D2AA0070B0044EF36 /* StringUtil.swift */; };
		B5EA2F112AA0073F0044EF36 /* MealDetail-ViewModel.swift in Sources */ = {isa = PBXBuildFile; fileRef = B5EA2F102AA0073F0044EF36 /* MealDetail-ViewModel.swift */; };
		B5EA2F132AA007680044EF36 /* MealList-ViewModel.swift in Sources */ = {isa = PBXBuildFile; fileRef = B5EA2F122AA007680044EF36 /* MealList-ViewModel.swift */; };
		B5EA2F162AA007B90044EF36 /* MealDetailView.swift in Sources */ = {isa = PBXBuildFile; fileRef = B5EA2F152AA007B90044EF36 /* MealDetailView.swift */; };
		B5EA2F182AA008640044EF36 /* MealListView.swift in Sources */ = {isa = PBXBuildFile; fileRef = B5EA2F172AA008640044EF36 /* MealListView.swift */; };
		B5EA2F1A2AA0088F0044EF36 /* MealRemoteImage.swift in Sources */ = {isa = PBXBuildFile; fileRef = B5EA2F192AA0088F0044EF36 /* MealRemoteImage.swift */; };
/* End PBXBuildFile section */

/* Begin PBXContainerItemProxy section */
		B5EA2EE62AA0058E0044EF36 /* PBXContainerItemProxy */ = {
			isa = PBXContainerItemProxy;
			containerPortal = B5EA2ECD2AA0058B0044EF36 /* Project object */;
			proxyType = 1;
			remoteGlobalIDString = B5EA2ED42AA0058B0044EF36;
			remoteInfo = IDesserts;
		};
		B5EA2EF02AA0058E0044EF36 /* PBXContainerItemProxy */ = {
			isa = PBXContainerItemProxy;
			containerPortal = B5EA2ECD2AA0058B0044EF36 /* Project object */;
			proxyType = 1;
			remoteGlobalIDString = B5EA2ED42AA0058B0044EF36;
			remoteInfo = IDesserts;
		};
/* End PBXContainerItemProxy section */

/* Begin PBXFileReference section */
		B5EA2ED52AA0058B0044EF36 /* DessertBrowser.app */ = {isa = PBXFileReference; explicitFileType = wrapper.application; includeInIndex = 0; path = DessertBrowser.app; sourceTree = BUILT_PRODUCTS_DIR; };
		B5EA2ED82AA0058B0044EF36 /* DessertBrowser.swift */ = {isa = PBXFileReference; lastKnownFileType = sourcecode.swift; path = DessertBrowser.swift; sourceTree = "<group>"; };
		B5EA2EDC2AA0058E0044EF36 /* Assets.xcassets */ = {isa = PBXFileReference; lastKnownFileType = folder.assetcatalog; path = Assets.xcassets; sourceTree = "<group>"; };
		B5EA2EDF2AA0058E0044EF36 /* Preview Assets.xcassets */ = {isa = PBXFileReference; lastKnownFileType = folder.assetcatalog; path = "Preview Assets.xcassets"; sourceTree = "<group>"; };
		B5EA2EE52AA0058E0044EF36 /* DessertBrowserTests.xctest */ = {isa = PBXFileReference; explicitFileType = wrapper.cfbundle; includeInIndex = 0; path = DessertBrowserTests.xctest; sourceTree = BUILT_PRODUCTS_DIR; };
		B5EA2EE92AA0058E0044EF36 /* IDessertsTests.swift */ = {isa = PBXFileReference; lastKnownFileType = sourcecode.swift; path = IDessertsTests.swift; sourceTree = "<group>"; };
		B5EA2EEF2AA0058E0044EF36 /* DessertBrowserUITests.xctest */ = {isa = PBXFileReference; explicitFileType = wrapper.cfbundle; includeInIndex = 0; path = DessertBrowserUITests.xctest; sourceTree = BUILT_PRODUCTS_DIR; };
		B5EA2EF32AA0058E0044EF36 /* IDessertsUITests.swift */ = {isa = PBXFileReference; lastKnownFileType = sourcecode.swift; path = IDessertsUITests.swift; sourceTree = "<group>"; };
		B5EA2EF52AA0058E0044EF36 /* IDessertsUITestsLaunchTests.swift */ = {isa = PBXFileReference; lastKnownFileType = sourcecode.swift; path = IDessertsUITestsLaunchTests.swift; sourceTree = "<group>"; };
		B5EA2F042AA0060B0044EF36 /* Ingredient.swift */ = {isa = PBXFileReference; lastKnownFileType = sourcecode.swift; path = Ingredient.swift; sourceTree = "<group>"; };
		B5EA2F062AA006260044EF36 /* Meal.swift */ = {isa = PBXFileReference; lastKnownFileType = sourcecode.swift; path = Meal.swift; sourceTree = "<group>"; };
		B5EA2F082AA006A50044EF36 /* MealDetailsResponse.swift */ = {isa = PBXFileReference; lastKnownFileType = sourcecode.swift; path = MealDetailsResponse.swift; sourceTree = "<group>"; };
		B5EA2F0B2AA006F10044EF36 /* NetworkUtil.swift */ = {isa = PBXFileReference; lastKnownFileType = sourcecode.swift; path = NetworkUtil.swift; sourceTree = "<group>"; };
		B5EA2F0D2AA0070B0044EF36 /* StringUtil.swift */ = {isa = PBXFileReference; lastKnownFileType = sourcecode.swift; path = StringUtil.swift; sourceTree = "<group>"; };
		B5EA2F102AA0073F0044EF36 /* MealDetail-ViewModel.swift */ = {isa = PBXFileReference; lastKnownFileType = sourcecode.swift; path = "MealDetail-ViewModel.swift"; sourceTree = "<group>"; };
		B5EA2F122AA007680044EF36 /* MealList-ViewModel.swift */ = {isa = PBXFileReference; lastKnownFileType = sourcecode.swift; path = "MealList-ViewModel.swift"; sourceTree = "<group>"; };
		B5EA2F152AA007B90044EF36 /* MealDetailView.swift */ = {isa = PBXFileReference; lastKnownFileType = sourcecode.swift; path = MealDetailView.swift; sourceTree = "<group>"; };
		B5EA2F172AA008640044EF36 /* MealListView.swift */ = {isa = PBXFileReference; lastKnownFileType = sourcecode.swift; path = MealListView.swift; sourceTree = "<group>"; };
		B5EA2F192AA0088F0044EF36 /* MealRemoteImage.swift */ = {isa = PBXFileReference; lastKnownFileType = sourcecode.swift; path = MealRemoteImage.swift; sourceTree = "<group>"; };
/* End PBXFileReference section */

/* Begin PBXFrameworksBuildPhase section */
		B5EA2ED22AA0058B0044EF36 /* Frameworks */ = {
			isa = PBXFrameworksBuildPhase;
			buildActionMask = 2147483647;
			files = (
			);
			runOnlyForDeploymentPostprocessing = 0;
		};
		B5EA2EE22AA0058E0044EF36 /* Frameworks */ = {
			isa = PBXFrameworksBuildPhase;
			buildActionMask = 2147483647;
			files = (
			);
			runOnlyForDeploymentPostprocessing = 0;
		};
		B5EA2EEC2AA0058E0044EF36 /* Frameworks */ = {
			isa = PBXFrameworksBuildPhase;
			buildActionMask = 2147483647;
			files = (
			);
			runOnlyForDeploymentPostprocessing = 0;
		};
/* End PBXFrameworksBuildPhase section */

/* Begin PBXGroup section */
		B5EA2ECC2AA0058B0044EF36 = {
			isa = PBXGroup;
			children = (
				B5EA2ED72AA0058B0044EF36 /* DessertBrowser */,
				B5EA2EE82AA0058E0044EF36 /* DessertBrowserTests */,
				B5EA2EF22AA0058E0044EF36 /* DessertBrowserUITests */,
				B5EA2ED62AA0058B0044EF36 /* Products */,
			);
			sourceTree = "<group>";
		};
		B5EA2ED62AA0058B0044EF36 /* Products */ = {
			isa = PBXGroup;
			children = (
				B5EA2ED52AA0058B0044EF36 /* DessertBrowser.app */,
				B5EA2EE52AA0058E0044EF36 /* DessertBrowserTests.xctest */,
				B5EA2EEF2AA0058E0044EF36 /* DessertBrowserUITests.xctest */,
			);
			name = Products;
			sourceTree = "<group>";
		};
		B5EA2ED72AA0058B0044EF36 /* DessertBrowser */ = {
			isa = PBXGroup;
			children = (
				B5EA2F142AA0077E0044EF36 /* Views */,
				B5EA2F0F2AA0071F0044EF36 /* ViewModels */,
				B5EA2F0A2AA006C20044EF36 /* Util */,
				B5EA2F022AA005E80044EF36 /* Models */,
				B5EA2ED82AA0058B0044EF36 /* DessertBrowser.swift */,
				B5EA2EDC2AA0058E0044EF36 /* Assets.xcassets */,
				B5EA2EDE2AA0058E0044EF36 /* Preview Content */,
			);
			path = DessertBrowser;
			sourceTree = "<group>";
		};
		B5EA2EDE2AA0058E0044EF36 /* Preview Content */ = {
			isa = PBXGroup;
			children = (
				B5EA2EDF2AA0058E0044EF36 /* Preview Assets.xcassets */,
			);
			path = "Preview Content";
			sourceTree = "<group>";
		};
		B5EA2EE82AA0058E0044EF36 /* DessertBrowserTests */ = {
			isa = PBXGroup;
			children = (
				B5EA2EE92AA0058E0044EF36 /* IDessertsTests.swift */,
			);
			path = DessertBrowserTests;
			sourceTree = "<group>";
		};
		B5EA2EF22AA0058E0044EF36 /* DessertBrowserUITests */ = {
			isa = PBXGroup;
			children = (
				B5EA2EF32AA0058E0044EF36 /* IDessertsUITests.swift */,
				B5EA2EF52AA0058E0044EF36 /* IDessertsUITestsLaunchTests.swift */,
			);
			path = DessertBrowserUITests;
			sourceTree = "<group>";
		};
		B5EA2F022AA005E80044EF36 /* Models */ = {
			isa = PBXGroup;
			children = (
				B5EA2F032AA005F40044EF36 /* NetwrokSpecific */,
				B5EA2F042AA0060B0044EF36 /* Ingredient.swift */,
				B5EA2F062AA006260044EF36 /* Meal.swift */,
			);
			path = Models;
			sourceTree = "<group>";
		};
		B5EA2F032AA005F40044EF36 /* NetwrokSpecific */ = {
			isa = PBXGroup;
			children = (
				B5EA2F082AA006A50044EF36 /* MealDetailsResponse.swift */,
			);
			path = NetwrokSpecific;
			sourceTree = "<group>";
		};
		B5EA2F0A2AA006C20044EF36 /* Util */ = {
			isa = PBXGroup;
			children = (
				B5EA2F0B2AA006F10044EF36 /* NetworkUtil.swift */,
				B5EA2F0D2AA0070B0044EF36 /* StringUtil.swift */,
			);
			path = Util;
			sourceTree = "<group>";
		};
		B5EA2F0F2AA0071F0044EF36 /* ViewModels */ = {
			isa = PBXGroup;
			children = (
				B5EA2F102AA0073F0044EF36 /* MealDetail-ViewModel.swift */,
				B5EA2F122AA007680044EF36 /* MealList-ViewModel.swift */,
			);
			path = ViewModels;
			sourceTree = "<group>";
		};
		B5EA2F142AA0077E0044EF36 /* Views */ = {
			isa = PBXGroup;
			children = (
				B5EA2F152AA007B90044EF36 /* MealDetailView.swift */,
				B5EA2F172AA008640044EF36 /* MealListView.swift */,
				B5EA2F192AA0088F0044EF36 /* MealRemoteImage.swift */,
			);
			path = Views;
			sourceTree = "<group>";
		};
/* End PBXGroup section */

/* Begin PBXNativeTarget section */
		B5EA2ED42AA0058B0044EF36 /* DessertBrowser */ = {
			isa = PBXNativeTarget;
			buildConfigurationList = B5EA2EF92AA0058E0044EF36 /* Build configuration list for PBXNativeTarget "DessertBrowser" */;
			buildPhases = (
				B5EA2ED12AA0058B0044EF36 /* Sources */,
				B5EA2ED22AA0058B0044EF36 /* Frameworks */,
				B5EA2ED32AA0058B0044EF36 /* Resources */,
			);
			buildRules = (
			);
			dependencies = (
			);
			name = DessertBrowser;
			productName = IDesserts;
			productReference = B5EA2ED52AA0058B0044EF36 /* DessertBrowser.app */;
			productType = "com.apple.product-type.application";
		};
		B5EA2EE42AA0058E0044EF36 /* DessertBrowserTests */ = {
			isa = PBXNativeTarget;
			buildConfigurationList = B5EA2EFC2AA0058E0044EF36 /* Build configuration list for PBXNativeTarget "DessertBrowserTests" */;
			buildPhases = (
				B5EA2EE12AA0058E0044EF36 /* Sources */,
				B5EA2EE22AA0058E0044EF36 /* Frameworks */,
				B5EA2EE32AA0058E0044EF36 /* Resources */,
			);
			buildRules = (
			);
			dependencies = (
				B5EA2EE72AA0058E0044EF36 /* PBXTargetDependency */,
			);
			name = DessertBrowserTests;
			productName = IDessertsTests;
			productReference = B5EA2EE52AA0058E0044EF36 /* DessertBrowserTests.xctest */;
			productType = "com.apple.product-type.bundle.unit-test";
		};
		B5EA2EEE2AA0058E0044EF36 /* DessertBrowserUITests */ = {
			isa = PBXNativeTarget;
			buildConfigurationList = B5EA2EFF2AA0058E0044EF36 /* Build configuration list for PBXNativeTarget "DessertBrowserUITests" */;
			buildPhases = (
				B5EA2EEB2AA0058E0044EF36 /* Sources */,
				B5EA2EEC2AA0058E0044EF36 /* Frameworks */,
				B5EA2EED2AA0058E0044EF36 /* Resources */,
			);
			buildRules = (
			);
			dependencies = (
				B5EA2EF12AA0058E0044EF36 /* PBXTargetDependency */,
			);
			name = DessertBrowserUITests;
			productName = IDessertsUITests;
			productReference = B5EA2EEF2AA0058E0044EF36 /* DessertBrowserUITests.xctest */;
			productType = "com.apple.product-type.bundle.ui-testing";
		};
/* End PBXNativeTarget section */

/* Begin PBXProject section */
		B5EA2ECD2AA0058B0044EF36 /* Project object */ = {
			isa = PBXProject;
			attributes = {
				BuildIndependentTargetsInParallel = 1;
				LastSwiftUpdateCheck = 1330;
				LastUpgradeCheck = 1330;
				TargetAttributes = {
					B5EA2ED42AA0058B0044EF36 = {
						CreatedOnToolsVersion = 13.3.1;
					};
					B5EA2EE42AA0058E0044EF36 = {
						CreatedOnToolsVersion = 13.3.1;
						TestTargetID = B5EA2ED42AA0058B0044EF36;
					};
					B5EA2EEE2AA0058E0044EF36 = {
						CreatedOnToolsVersion = 13.3.1;
						TestTargetID = B5EA2ED42AA0058B0044EF36;
					};
				};
			};
			buildConfigurationList = B5EA2ED02AA0058B0044EF36 /* Build configuration list for PBXProject "DessertBrowser" */;
			compatibilityVersion = "Xcode 13.0";
			developmentRegion = en;
			hasScannedForEncodings = 0;
			knownRegions = (
				en,
				Base,
			);
			mainGroup = B5EA2ECC2AA0058B0044EF36;
			productRefGroup = B5EA2ED62AA0058B0044EF36 /* Products */;
			projectDirPath = "";
			projectRoot = "";
			targets = (
				B5EA2ED42AA0058B0044EF36 /* DessertBrowser */,
				B5EA2EE42AA0058E0044EF36 /* DessertBrowserTests */,
				B5EA2EEE2AA0058E0044EF36 /* DessertBrowserUITests */,
			);
		};
/* End PBXProject section */

/* Begin PBXResourcesBuildPhase section */
		B5EA2ED32AA0058B0044EF36 /* Resources */ = {
			isa = PBXResourcesBuildPhase;
			buildActionMask = 2147483647;
			files = (
				B5EA2EE02AA0058E0044EF36 /* Preview Assets.xcassets in Resources */,
				B5EA2EDD2AA0058E0044EF36 /* Assets.xcassets in Resources */,
			);
			runOnlyForDeploymentPostprocessing = 0;
		};
		B5EA2EE32AA0058E0044EF36 /* Resources */ = {
			isa = PBXResourcesBuildPhase;
			buildActionMask = 2147483647;
			files = (
			);
			runOnlyForDeploymentPostprocessing = 0;
		};
		B5EA2EED2AA0058E0044EF36 /* Resources */ = {
			isa = PBXResourcesBuildPhase;
			buildActionMask = 2147483647;
			files = (
			);
			runOnlyForDeploymentPostprocessing = 0;
		};
/* End PBXResourcesBuildPhase section */

/* Begin PBXSourcesBuildPhase section */
		B5EA2ED12AA0058B0044EF36 /* Sources */ = {
			isa = PBXSourcesBuildPhase;
			buildActionMask = 2147483647;
			files = (
				B5EA2F162AA007B90044EF36 /* MealDetailView.swift in Sources */,
				B5EA2F0C2AA006F10044EF36 /* NetworkUtil.swift in Sources */,
				B5EA2F092AA006A50044EF36 /* MealDetailsResponse.swift in Sources */,
				B5EA2F0E2AA0070B0044EF36 /* StringUtil.swift in Sources */,
				B5EA2F052AA0060B0044EF36 /* Ingredient.swift in Sources */,
				B5EA2F072AA006260044EF36 /* Meal.swift in Sources */,
				B5EA2F112AA0073F0044EF36 /* MealDetail-ViewModel.swift in Sources */,
				B5EA2F1A2AA0088F0044EF36 /* MealRemoteImage.swift in Sources */,
				B5EA2ED92AA0058B0044EF36 /* DessertBrowser.swift in Sources */,
				B5EA2F132AA007680044EF36 /* MealList-ViewModel.swift in Sources */,
				B5EA2F182AA008640044EF36 /* MealListView.swift in Sources */,
			);
			runOnlyForDeploymentPostprocessing = 0;
		};
		B5EA2EE12AA0058E0044EF36 /* Sources */ = {
			isa = PBXSourcesBuildPhase;
			buildActionMask = 2147483647;
			files = (
				B5EA2EEA2AA0058E0044EF36 /* IDessertsTests.swift in Sources */,
			);
			runOnlyForDeploymentPostprocessing = 0;
		};
		B5EA2EEB2AA0058E0044EF36 /* Sources */ = {
			isa = PBXSourcesBuildPhase;
			buildActionMask = 2147483647;
			files = (
				B5EA2EF42AA0058E0044EF36 /* IDessertsUITests.swift in Sources */,
				B5EA2EF62AA0058E0044EF36 /* IDessertsUITestsLaunchTests.swift in Sources */,
			);
			runOnlyForDeploymentPostprocessing = 0;
		};
/* End PBXSourcesBuildPhase section */

/* Begin PBXTargetDependency section */
		B5EA2EE72AA0058E0044EF36 /* PBXTargetDependency */ = {
			isa = PBXTargetDependency;
			target = B5EA2ED42AA0058B0044EF36 /* DessertBrowser */;
			targetProxy = B5EA2EE62AA0058E0044EF36 /* PBXContainerItemProxy */;
		};
		B5EA2EF12AA0058E0044EF36 /* PBXTargetDependency */ = {
			isa = PBXTargetDependency;
			target = B5EA2ED42AA0058B0044EF36 /* DessertBrowser */;
			targetProxy = B5EA2EF02AA0058E0044EF36 /* PBXContainerItemProxy */;
		};
/* End PBXTargetDependency section */

/* Begin XCBuildConfiguration section */
		B5EA2EF72AA0058E0044EF36 /* Debug */ = {
			isa = XCBuildConfiguration;
			buildSettings = {
				ALWAYS_SEARCH_USER_PATHS = NO;
				CLANG_ANALYZER_NONNULL = YES;
				CLANG_ANALYZER_NUMBER_OBJECT_CONVERSION = YES_AGGRESSIVE;
				CLANG_CXX_LANGUAGE_STANDARD = "gnu++17";
				CLANG_ENABLE_MODULES = YES;
				CLANG_ENABLE_OBJC_ARC = YES;
				CLANG_ENABLE_OBJC_WEAK = YES;
				CLANG_WARN_BLOCK_CAPTURE_AUTORELEASING = YES;
				CLANG_WARN_BOOL_CONVERSION = YES;
				CLANG_WARN_COMMA = YES;
				CLANG_WARN_CONSTANT_CONVERSION = YES;
				CLANG_WARN_DEPRECATED_OBJC_IMPLEMENTATIONS = YES;
				CLANG_WARN_DIRECT_OBJC_ISA_USAGE = YES_ERROR;
				CLANG_WARN_DOCUMENTATION_COMMENTS = YES;
				CLANG_WARN_EMPTY_BODY = YES;
				CLANG_WARN_ENUM_CONVERSION = YES;
				CLANG_WARN_INFINITE_RECURSION = YES;
				CLANG_WARN_INT_CONVERSION = YES;
				CLANG_WARN_NON_LITERAL_NULL_CONVERSION = YES;
				CLANG_WARN_OBJC_IMPLICIT_RETAIN_SELF = YES;
				CLANG_WARN_OBJC_LITERAL_CONVERSION = YES;
				CLANG_WARN_OBJC_ROOT_CLASS = YES_ERROR;
				CLANG_WARN_QUOTED_INCLUDE_IN_FRAMEWORK_HEADER = YES;
				CLANG_WARN_RANGE_LOOP_ANALYSIS = YES;
				CLANG_WARN_STRICT_PROTOTYPES = YES;
				CLANG_WARN_SUSPICIOUS_MOVE = YES;
				CLANG_WARN_UNGUARDED_AVAILABILITY = YES_AGGRESSIVE;
				CLANG_WARN_UNREACHABLE_CODE = YES;
				CLANG_WARN__DUPLICATE_METHOD_MATCH = YES;
				COPY_PHASE_STRIP = NO;
				DEBUG_INFORMATION_FORMAT = dwarf;
				ENABLE_STRICT_OBJC_MSGSEND = YES;
				ENABLE_TESTABILITY = YES;
				GCC_C_LANGUAGE_STANDARD = gnu11;
				GCC_DYNAMIC_NO_PIC = NO;
				GCC_NO_COMMON_BLOCKS = YES;
				GCC_OPTIMIZATION_LEVEL = 0;
				GCC_PREPROCESSOR_DEFINITIONS = (
					"DEBUG=1",
					"$(inherited)",
				);
				GCC_WARN_64_TO_32_BIT_CONVERSION = YES;
				GCC_WARN_ABOUT_RETURN_TYPE = YES_ERROR;
				GCC_WARN_UNDECLARED_SELECTOR = YES;
				GCC_WARN_UNINITIALIZED_AUTOS = YES_AGGRESSIVE;
				GCC_WARN_UNUSED_FUNCTION = YES;
				GCC_WARN_UNUSED_VARIABLE = YES;
				IPHONEOS_DEPLOYMENT_TARGET = 15.4;
				MTL_ENABLE_DEBUG_INFO = INCLUDE_SOURCE;
				MTL_FAST_MATH = YES;
				ONLY_ACTIVE_ARCH = YES;
				SDKROOT = iphoneos;
				SWIFT_ACTIVE_COMPILATION_CONDITIONS = DEBUG;
				SWIFT_OPTIMIZATION_LEVEL = "-Onone";
			};
			name = Debug;
		};
		B5EA2EF82AA0058E0044EF36 /* Release */ = {
			isa = XCBuildConfiguration;
			buildSettings = {
				ALWAYS_SEARCH_USER_PATHS = NO;
				CLANG_ANALYZER_NONNULL = YES;
				CLANG_ANALYZER_NUMBER_OBJECT_CONVERSION = YES_AGGRESSIVE;
				CLANG_CXX_LANGUAGE_STANDARD = "gnu++17";
				CLANG_ENABLE_MODULES = YES;
				CLANG_ENABLE_OBJC_ARC = YES;
				CLANG_ENABLE_OBJC_WEAK = YES;
				CLANG_WARN_BLOCK_CAPTURE_AUTORELEASING = YES;
				CLANG_WARN_BOOL_CONVERSION = YES;
				CLANG_WARN_COMMA = YES;
				CLANG_WARN_CONSTANT_CONVERSION = YES;
				CLANG_WARN_DEPRECATED_OBJC_IMPLEMENTATIONS = YES;
				CLANG_WARN_DIRECT_OBJC_ISA_USAGE = YES_ERROR;
				CLANG_WARN_DOCUMENTATION_COMMENTS = YES;
				CLANG_WARN_EMPTY_BODY = YES;
				CLANG_WARN_ENUM_CONVERSION = YES;
				CLANG_WARN_INFINITE_RECURSION = YES;
				CLANG_WARN_INT_CONVERSION = YES;
				CLANG_WARN_NON_LITERAL_NULL_CONVERSION = YES;
				CLANG_WARN_OBJC_IMPLICIT_RETAIN_SELF = YES;
				CLANG_WARN_OBJC_LITERAL_CONVERSION = YES;
				CLANG_WARN_OBJC_ROOT_CLASS = YES_ERROR;
				CLANG_WARN_QUOTED_INCLUDE_IN_FRAMEWORK_HEADER = YES;
				CLANG_WARN_RANGE_LOOP_ANALYSIS = YES;
				CLANG_WARN_STRICT_PROTOTYPES = YES;
				CLANG_WARN_SUSPICIOUS_MOVE = YES;
				CLANG_WARN_UNGUARDED_AVAILABILITY = YES_AGGRESSIVE;
				CLANG_WARN_UNREACHABLE_CODE = YES;
				CLANG_WARN__DUPLICATE_METHOD_MATCH = YES;
				COPY_PHASE_STRIP = NO;
				DEBUG_INFORMATION_FORMAT = "dwarf-with-dsym";
				ENABLE_NS_ASSERTIONS = NO;
				ENABLE_STRICT_OBJC_MSGSEND = YES;
				GCC_C_LANGUAGE_STANDARD = gnu11;
				GCC_NO_COMMON_BLOCKS = YES;
				GCC_WARN_64_TO_32_BIT_CONVERSION = YES;
				GCC_WARN_ABOUT_RETURN_TYPE = YES_ERROR;
				GCC_WARN_UNDECLARED_SELECTOR = YES;
				GCC_WARN_UNINITIALIZED_AUTOS = YES_AGGRESSIVE;
				GCC_WARN_UNUSED_FUNCTION = YES;
				GCC_WARN_UNUSED_VARIABLE = YES;
				IPHONEOS_DEPLOYMENT_TARGET = 15.4;
				MTL_ENABLE_DEBUG_INFO = NO;
				MTL_FAST_MATH = YES;
				SDKROOT = iphoneos;
				SWIFT_COMPILATION_MODE = wholemodule;
				SWIFT_OPTIMIZATION_LEVEL = "-O";
				VALIDATE_PRODUCT = YES;
			};
			name = Release;
		};
		B5EA2EFA2AA0058E0044EF36 /* Debug */ = {
			isa = XCBuildConfiguration;
			buildSettings = {
				ASSETCATALOG_COMPILER_APPICON_NAME = AppIcon;
				ASSETCATALOG_COMPILER_GLOBAL_ACCENT_COLOR_NAME = AccentColor;
				CODE_SIGN_STYLE = Automatic;
				CURRENT_PROJECT_VERSION = 1;
				DEVELOPMENT_ASSET_PATHS = "\"DessertBrowser/Preview Content\"";
				DEVELOPMENT_TEAM = Q9X24TQ6S4;
				ENABLE_PREVIEWS = YES;
				GENERATE_INFOPLIST_FILE = YES;
				INFOPLIST_KEY_UIApplicationSceneManifest_Generation = YES;
				INFOPLIST_KEY_UIApplicationSupportsIndirectInputEvents = YES;
				INFOPLIST_KEY_UILaunchScreen_Generation = YES;
				INFOPLIST_KEY_UISupportedInterfaceOrientations_iPad = "UIInterfaceOrientationPortrait UIInterfaceOrientationPortraitUpsideDown UIInterfaceOrientationLandscapeLeft UIInterfaceOrientationLandscapeRight";
				INFOPLIST_KEY_UISupportedInterfaceOrientations_iPhone = "UIInterfaceOrientationPortrait UIInterfaceOrientationLandscapeLeft UIInterfaceOrientationLandscapeRight";
				LD_RUNPATH_SEARCH_PATHS = (
					"$(inherited)",
					"@executable_path/Frameworks",
				);
				MARKETING_VERSION = 1.0;
				PRODUCT_BUNDLE_IDENTIFIER = JEGI.IDesserts;
				PRODUCT_NAME = "$(TARGET_NAME)";
				SWIFT_EMIT_LOC_STRINGS = YES;
				SWIFT_VERSION = 5.0;
				TARGETED_DEVICE_FAMILY = "1,2";
			};
			name = Debug;
		};
		B5EA2EFB2AA0058E0044EF36 /* Release */ = {
			isa = XCBuildConfiguration;
			buildSettings = {
				ASSETCATALOG_COMPILER_APPICON_NAME = AppIcon;
				ASSETCATALOG_COMPILER_GLOBAL_ACCENT_COLOR_NAME = AccentColor;
				CODE_SIGN_STYLE = Automatic;
				CURRENT_PROJECT_VERSION = 1;
				DEVELOPMENT_ASSET_PATHS = "\"DessertBrowser/Preview Content\"";
				DEVELOPMENT_TEAM = Q9X24TQ6S4;
				ENABLE_PREVIEWS = YES;
				GENERATE_INFOPLIST_FILE = YES;
				INFOPLIST_KEY_UIApplicationSceneManifest_Generation = YES;
				INFOPLIST_KEY_UIApplicationSupportsIndirectInputEvents = YES;
				INFOPLIST_KEY_UILaunchScreen_Generation = YES;
				INFOPLIST_KEY_UISupportedInterfaceOrientations_iPad = "UIInterfaceOrientationPortrait UIInterfaceOrientationPortraitUpsideDown UIInterfaceOrientationLandscapeLeft UIInterfaceOrientationLandscapeRight";
				INFOPLIST_KEY_UISupportedInterfaceOrientations_iPhone = "UIInterfaceOrientationPortrait UIInterfaceOrientationLandscapeLeft UIInterfaceOrientationLandscapeRight";
				LD_RUNPATH_SEARCH_PATHS = (
					"$(inherited)",
					"@executable_path/Frameworks",
				);
				MARKETING_VERSION = 1.0;
				PRODUCT_BUNDLE_IDENTIFIER = JEGI.IDesserts;
				PRODUCT_NAME = "$(TARGET_NAME)";
				SWIFT_EMIT_LOC_STRINGS = YES;
				SWIFT_VERSION = 5.0;
				TARGETED_DEVICE_FAMILY = "1,2";
			};
			name = Release;
		};
		B5EA2EFD2AA0058E0044EF36 /* Debug */ = {
			isa = XCBuildConfiguration;
			buildSettings = {
				ALWAYS_EMBED_SWIFT_STANDARD_LIBRARIES = YES;
				BUNDLE_LOADER = "$(TEST_HOST)";
				CODE_SIGN_STYLE = Automatic;
				CURRENT_PROJECT_VERSION = 1;
				DEVELOPMENT_TEAM = Q9X24TQ6S4;
				GENERATE_INFOPLIST_FILE = YES;
				IPHONEOS_DEPLOYMENT_TARGET = 15.4;
				MARKETING_VERSION = 1.0;
				PRODUCT_BUNDLE_IDENTIFIER = JEGI.IDessertsTests;
				PRODUCT_NAME = "$(TARGET_NAME)";
				SWIFT_EMIT_LOC_STRINGS = NO;
				SWIFT_VERSION = 5.0;
				TARGETED_DEVICE_FAMILY = "1,2";
				TEST_HOST = "$(BUILT_PRODUCTS_DIR)/DessertBrowser.app/DessertBrowser";
			};
			name = Debug;
		};
		B5EA2EFE2AA0058E0044EF36 /* Release */ = {
			isa = XCBuildConfiguration;
			buildSettings = {
				ALWAYS_EMBED_SWIFT_STANDARD_LIBRARIES = YES;
				BUNDLE_LOADER = "$(TEST_HOST)";
				CODE_SIGN_STYLE = Automatic;
				CURRENT_PROJECT_VERSION = 1;
				DEVELOPMENT_TEAM = Q9X24TQ6S4;
				GENERATE_INFOPLIST_FILE = YES;
				IPHONEOS_DEPLOYMENT_TARGET = 15.4;
				MARKETING_VERSION = 1.0;
				PRODUCT_BUNDLE_IDENTIFIER = JEGI.IDessertsTests;
				PRODUCT_NAME = "$(TARGET_NAME)";
				SWIFT_EMIT_LOC_STRINGS = NO;
				SWIFT_VERSION = 5.0;
				TARGETED_DEVICE_FAMILY = "1,2";
				TEST_HOST = "$(BUILT_PRODUCTS_DIR)/DessertBrowser.app/DessertBrowser";
			};
			name = Release;
		};
		B5EA2F002AA0058E0044EF36 /* Debug */ = {
			isa = XCBuildConfiguration;
			buildSettings = {
				ALWAYS_EMBED_SWIFT_STANDARD_LIBRARIES = YES;
				CODE_SIGN_STYLE = Automatic;
				CURRENT_PROJECT_VERSION = 1;
				DEVELOPMENT_TEAM = Q9X24TQ6S4;
				GENERATE_INFOPLIST_FILE = YES;
				MARKETING_VERSION = 1.0;
				PRODUCT_BUNDLE_IDENTIFIER = JEGI.IDessertsUITests;
				PRODUCT_NAME = "$(TARGET_NAME)";
				SWIFT_EMIT_LOC_STRINGS = NO;
				SWIFT_VERSION = 5.0;
				TARGETED_DEVICE_FAMILY = "1,2";
				TEST_TARGET_NAME = IDesserts;
			};
			name = Debug;
		};
		B5EA2F012AA0058E0044EF36 /* Release */ = {
			isa = XCBuildConfiguration;
			buildSettings = {
				ALWAYS_EMBED_SWIFT_STANDARD_LIBRARIES = YES;
				CODE_SIGN_STYLE = Automatic;
				CURRENT_PROJECT_VERSION = 1;
				DEVELOPMENT_TEAM = Q9X24TQ6S4;
				GENERATE_INFOPLIST_FILE = YES;
				MARKETING_VERSION = 1.0;
				PRODUCT_BUNDLE_IDENTIFIER = JEGI.IDessertsUITests;
				PRODUCT_NAME = "$(TARGET_NAME)";
				SWIFT_EMIT_LOC_STRINGS = NO;
				SWIFT_VERSION = 5.0;
				TARGETED_DEVICE_FAMILY = "1,2";
				TEST_TARGET_NAME = IDesserts;
			};
			name = Release;
		};
/* End XCBuildConfiguration section */

/* Begin XCConfigurationList section */
		B5EA2ED02AA0058B0044EF36 /* Build configuration list for PBXProject "DessertBrowser" */ = {
			isa = XCConfigurationList;
			buildConfigurations = (
				B5EA2EF72AA0058E0044EF36 /* Debug */,
				B5EA2EF82AA0058E0044EF36 /* Release */,
			);
			defaultConfigurationIsVisible = 0;
			defaultConfigurationName = Release;
		};
		B5EA2EF92AA0058E0044EF36 /* Build configuration list for PBXNativeTarget "DessertBrowser" */ = {
			isa = XCConfigurationList;
			buildConfigurations = (
				B5EA2EFA2AA0058E0044EF36 /* Debug */,
				B5EA2EFB2AA0058E0044EF36 /* Release */,
			);
			defaultConfigurationIsVisible = 0;
			defaultConfigurationName = Release;
		};
		B5EA2EFC2AA0058E0044EF36 /* Build configuration list for PBXNativeTarget "DessertBrowserTests" */ = {
			isa = XCConfigurationList;
			buildConfigurations = (
				B5EA2EFD2AA0058E0044EF36 /* Debug */,
				B5EA2EFE2AA0058E0044EF36 /* Release */,
			);
			defaultConfigurationIsVisible = 0;
			defaultConfigurationName = Release;
		};
		B5EA2EFF2AA0058E0044EF36 /* Build configuration list for PBXNativeTarget "DessertBrowserUITests" */ = {
			isa = XCConfigurationList;
			buildConfigurations = (
				B5EA2F002AA0058E0044EF36 /* Debug */,
				B5EA2F012AA0058E0044EF36 /* Release */,
			);
			defaultConfigurationIsVisible = 0;
			defaultConfigurationName = Release;
		};
/* End XCConfigurationList section */
	};
	rootObject = B5EA2ECD2AA0058B0044EF36 /* Project object */;
}
